
Microsoft Visual Studio Solution File, Format Version 12.00
# Visual Studio Version 17
VisualStudioVersion = 17.4.33205.214
MinimumVisualStudioVersion = 10.0.40219.1
Project("{2150E333-8FDC-42A3-9474-1A3956D46DE8}") = "Class projects", "Class projects", "{F439F9FA-A95D-44BA-B5ED-12DB4EABD786}"
EndProject
Project("{9A19103F-16F7-4668-BE54-9A1E7A4F7556}") = "DirectoryHelpersLibrary", "DirectoryHelpersLibrary\DirectoryHelpersLibrary.csproj", "{32E209F6-6C57-4F19-95DE-27CD8AA00313}"
EndProject
Project("{2150E333-8FDC-42A3-9474-1A3956D46DE8}") = "Front end projects", "Front end projects", "{2B5A957C-F2C7-4826-AC2D-76BFE8B09806}"
EndProject
Project("{2150E333-8FDC-42A3-9474-1A3956D46DE8}") = "Solution Items", "Solution Items", "{6DFE3CF7-747D-46DC-BB65-8C6A94139E7D}"
	ProjectSection(SolutionItems) = preProject
		readme.md = readme.md
	EndProjectSection
EndProject
Project("{9A19103F-16F7-4668-BE54-9A1E7A4F7556}") = "EnumerateFilesProject", "EnumerateFilesProject\EnumerateFilesProject.csproj", "{5F64894D-CB11-44BF-B3C3-D835665F37E0}"
EndProject
Project("{9A19103F-16F7-4668-BE54-9A1E7A4F7556}") = "WindowsFormsLibrary", "WindowsFormsLibrary\WindowsFormsLibrary.csproj", "{B8F28216-454A-45D9-9963-A9C8AEAFAFBD}"
EndProject
Project("{9A19103F-16F7-4668-BE54-9A1E7A4F7556}") = "GlobbingProject", "GlobbingProject\GlobbingProject.csproj", "{4E595674-9D89-4687-B94D-EAFAA87B4793}"
EndProject
Project("{9A19103F-16F7-4668-BE54-9A1E7A4F7556}") = "EnumerateFoldersProject", "EnumerateFoldersProject\EnumerateFoldersProject.csproj", "{4D8E6807-A173-4CB4-8B7F-380B95266F70}"
EndProject
Project("{2150E333-8FDC-42A3-9474-1A3956D46DE8}") = "Tinkering", "Tinkering", "{F604741E-E9CB-46DF-B03F-A5C9957B3437}"
EndProject
Project("{9A19103F-16F7-4668-BE54-9A1E7A4F7556}") = "TraverseFoldersBackwardsApp", "TraverseFoldersBackwardsApp\TraverseFoldersBackwardsApp.csproj", "{1717FE11-6E92-4D8F-AB61-BFE52DF884DC}"
EndProject
Project("{9A19103F-16F7-4668-BE54-9A1E7A4F7556}") = "FindEmptyFolderExample", "FindEmptyFoldrers\FindEmptyFolderExample.csproj", "{AC1D0E10-CB15-4FD3-BF9B-BD483B4DAC0F}"
EndProject
Project("{9A19103F-16F7-4668-BE54-9A1E7A4F7556}") = "GlobbingRazorProject", "GlobbingRazorProject\GlobbingRazorProject.csproj", "{B59DD1B3-B929-45B1-93A7-F9E267EC6122}"
EndProject
Project("{9A19103F-16F7-4668-BE54-9A1E7A4F7556}") = "DeleteFolders", "DeleteFolders\DeleteFolders.csproj", "{E63E7A17-5AD8-4CCD-B7AA-2C24078FEEB1}"
EndProject
Project("{9A19103F-16F7-4668-BE54-9A1E7A4F7556}") = "GlobFoldersConsoleApp", "GlobFoldersConsoleApp\GlobFoldersConsoleApp.csproj", "{6F3CEF24-43A3-402B-B8B2-909AF0992F26}"
EndProject
Project("{9A19103F-16F7-4668-BE54-9A1E7A4F7556}") = "HeadFootSearchingStyles", "HeadFootSearching\HeadFootSearchingStyles.csproj", "{E20AF82E-28C2-44B6-9E93-621FE010B0B6}"
EndProject
Project("{9A19103F-16F7-4668-BE54-9A1E7A4F7556}") = "GlobbingIncludeExcludeApp", "GlobbingIncludeExcludeApp\GlobbingIncludeExcludeApp.csproj", "{9D3686EC-D015-4093-A941-58F04E3DA2E5}"
EndProject
Project("{9A19103F-16F7-4668-BE54-9A1E7A4F7556}") = "January26RecursiveWindowsFolder", "January26RecursiveWindowsFolder\January26RecursiveWindowsFolder.csproj", "{C855ADDB-4358-4D3D-AA1E-E1307907C577}"
EndProject
Project("{FAE04EC0-301F-11D3-BF4B-00C04F79EFBC}") = "FindFoldersApp", "FindFoldersApp\FindFoldersApp.csproj", "{D498291E-14B5-45CF-A7BD-82662E37D51D}"
EndProject
Project("{FAE04EC0-301F-11D3-BF4B-00C04F79EFBC}") = "ColdFusionTool1", "ColdFusionTool1\ColdFusionTool1.csproj", "{160132D9-18A6-496C-BED3-F12BBC516F01}"
EndProject
Project("{2150E333-8FDC-42A3-9474-1A3956D46DE8}") = "ColdFusion related", "ColdFusion related", "{4E9C1C46-BE26-8202-2344-7960C9367E39}"
EndProject
Global
	GlobalSection(SolutionConfigurationPlatforms) = preSolution
		Debug|Any CPU = Debug|Any CPU
		Release|Any CPU = Release|Any CPU
	EndGlobalSection
	GlobalSection(ProjectConfigurationPlatforms) = postSolution
		{32E209F6-6C57-4F19-95DE-27CD8AA00313}.Debug|Any CPU.ActiveCfg = Debug|Any CPU
		{32E209F6-6C57-4F19-95DE-27CD8AA00313}.Debug|Any CPU.Build.0 = Debug|Any CPU
		{32E209F6-6C57-4F19-95DE-27CD8AA00313}.Release|Any CPU.ActiveCfg = Release|Any CPU
		{32E209F6-6C57-4F19-95DE-27CD8AA00313}.Release|Any CPU.Build.0 = Release|Any CPU
		{5F64894D-CB11-44BF-B3C3-D835665F37E0}.Debug|Any CPU.ActiveCfg = Debug|Any CPU
		{5F64894D-CB11-44BF-B3C3-D835665F37E0}.Debug|Any CPU.Build.0 = Debug|Any CPU
		{5F64894D-CB11-44BF-B3C3-D835665F37E0}.Release|Any CPU.ActiveCfg = Release|Any CPU
		{5F64894D-CB11-44BF-B3C3-D835665F37E0}.Release|Any CPU.Build.0 = Release|Any CPU
		{B8F28216-454A-45D9-9963-A9C8AEAFAFBD}.Debug|Any CPU.ActiveCfg = Debug|Any CPU
		{B8F28216-454A-45D9-9963-A9C8AEAFAFBD}.Debug|Any CPU.Build.0 = Debug|Any CPU
		{B8F28216-454A-45D9-9963-A9C8AEAFAFBD}.Release|Any CPU.ActiveCfg = Release|Any CPU
		{B8F28216-454A-45D9-9963-A9C8AEAFAFBD}.Release|Any CPU.Build.0 = Release|Any CPU
		{4E595674-9D89-4687-B94D-EAFAA87B4793}.Debug|Any CPU.ActiveCfg = Debug|Any CPU
		{4E595674-9D89-4687-B94D-EAFAA87B4793}.Debug|Any CPU.Build.0 = Debug|Any CPU
		{4E595674-9D89-4687-B94D-EAFAA87B4793}.Release|Any CPU.ActiveCfg = Release|Any CPU
		{4E595674-9D89-4687-B94D-EAFAA87B4793}.Release|Any CPU.Build.0 = Release|Any CPU
		{4D8E6807-A173-4CB4-8B7F-380B95266F70}.Debug|Any CPU.ActiveCfg = Debug|Any CPU
		{4D8E6807-A173-4CB4-8B7F-380B95266F70}.Debug|Any CPU.Build.0 = Debug|Any CPU
		{4D8E6807-A173-4CB4-8B7F-380B95266F70}.Release|Any CPU.ActiveCfg = Release|Any CPU
		{4D8E6807-A173-4CB4-8B7F-380B95266F70}.Release|Any CPU.Build.0 = Release|Any CPU
		{1717FE11-6E92-4D8F-AB61-BFE52DF884DC}.Debug|Any CPU.ActiveCfg = Debug|Any CPU
		{1717FE11-6E92-4D8F-AB61-BFE52DF884DC}.Debug|Any CPU.Build.0 = Debug|Any CPU
		{1717FE11-6E92-4D8F-AB61-BFE52DF884DC}.Release|Any CPU.ActiveCfg = Release|Any CPU
		{1717FE11-6E92-4D8F-AB61-BFE52DF884DC}.Release|Any CPU.Build.0 = Release|Any CPU
		{AC1D0E10-CB15-4FD3-BF9B-BD483B4DAC0F}.Debug|Any CPU.ActiveCfg = Debug|Any CPU
		{AC1D0E10-CB15-4FD3-BF9B-BD483B4DAC0F}.Debug|Any CPU.Build.0 = Debug|Any CPU
		{AC1D0E10-CB15-4FD3-BF9B-BD483B4DAC0F}.Release|Any CPU.ActiveCfg = Release|Any CPU
		{AC1D0E10-CB15-4FD3-BF9B-BD483B4DAC0F}.Release|Any CPU.Build.0 = Release|Any CPU
		{B59DD1B3-B929-45B1-93A7-F9E267EC6122}.Debug|Any CPU.ActiveCfg = Debug|Any CPU
		{B59DD1B3-B929-45B1-93A7-F9E267EC6122}.Debug|Any CPU.Build.0 = Debug|Any CPU
		{B59DD1B3-B929-45B1-93A7-F9E267EC6122}.Release|Any CPU.ActiveCfg = Release|Any CPU
		{B59DD1B3-B929-45B1-93A7-F9E267EC6122}.Release|Any CPU.Build.0 = Release|Any CPU
		{E63E7A17-5AD8-4CCD-B7AA-2C24078FEEB1}.Debug|Any CPU.ActiveCfg = Debug|Any CPU
		{E63E7A17-5AD8-4CCD-B7AA-2C24078FEEB1}.Debug|Any CPU.Build.0 = Debug|Any CPU
		{E63E7A17-5AD8-4CCD-B7AA-2C24078FEEB1}.Release|Any CPU.ActiveCfg = Release|Any CPU
		{E63E7A17-5AD8-4CCD-B7AA-2C24078FEEB1}.Release|Any CPU.Build.0 = Release|Any CPU
		{6F3CEF24-43A3-402B-B8B2-909AF0992F26}.Debug|Any CPU.ActiveCfg = Debug|Any CPU
		{6F3CEF24-43A3-402B-B8B2-909AF0992F26}.Debug|Any CPU.Build.0 = Debug|Any CPU
		{6F3CEF24-43A3-402B-B8B2-909AF0992F26}.Release|Any CPU.ActiveCfg = Release|Any CPU
		{6F3CEF24-43A3-402B-B8B2-909AF0992F26}.Release|Any CPU.Build.0 = Release|Any CPU
		{E20AF82E-28C2-44B6-9E93-621FE010B0B6}.Debug|Any CPU.ActiveCfg = Debug|Any CPU
		{E20AF82E-28C2-44B6-9E93-621FE010B0B6}.Debug|Any CPU.Build.0 = Debug|Any CPU
		{E20AF82E-28C2-44B6-9E93-621FE010B0B6}.Release|Any CPU.ActiveCfg = Release|Any CPU
		{E20AF82E-28C2-44B6-9E93-621FE010B0B6}.Release|Any CPU.Build.0 = Release|Any CPU
		{9D3686EC-D015-4093-A941-58F04E3DA2E5}.Debug|Any CPU.ActiveCfg = Debug|Any CPU
		{9D3686EC-D015-4093-A941-58F04E3DA2E5}.Debug|Any CPU.Build.0 = Debug|Any CPU
		{9D3686EC-D015-4093-A941-58F04E3DA2E5}.Release|Any CPU.ActiveCfg = Release|Any CPU
		{9D3686EC-D015-4093-A941-58F04E3DA2E5}.Release|Any CPU.Build.0 = Release|Any CPU
		{C855ADDB-4358-4D3D-AA1E-E1307907C577}.Debug|Any CPU.ActiveCfg = Debug|Any CPU
		{C855ADDB-4358-4D3D-AA1E-E1307907C577}.Debug|Any CPU.Build.0 = Debug|Any CPU
		{C855ADDB-4358-4D3D-AA1E-E1307907C577}.Release|Any CPU.ActiveCfg = Release|Any CPU
		{C855ADDB-4358-4D3D-AA1E-E1307907C577}.Release|Any CPU.Build.0 = Release|Any CPU
		{D498291E-14B5-45CF-A7BD-82662E37D51D}.Debug|Any CPU.ActiveCfg = Debug|Any CPU
		{D498291E-14B5-45CF-A7BD-82662E37D51D}.Debug|Any CPU.Build.0 = Debug|Any CPU
		{D498291E-14B5-45CF-A7BD-82662E37D51D}.Release|Any CPU.ActiveCfg = Release|Any CPU
		{D498291E-14B5-45CF-A7BD-82662E37D51D}.Release|Any CPU.Build.0 = Release|Any CPU
		{160132D9-18A6-496C-BED3-F12BBC516F01}.Debug|Any CPU.ActiveCfg = Debug|Any CPU
		{160132D9-18A6-496C-BED3-F12BBC516F01}.Debug|Any CPU.Build.0 = Debug|Any CPU
		{160132D9-18A6-496C-BED3-F12BBC516F01}.Release|Any CPU.ActiveCfg = Release|Any CPU
		{160132D9-18A6-496C-BED3-F12BBC516F01}.Release|Any CPU.Build.0 = Release|Any CPU
	EndGlobalSection
	GlobalSection(SolutionProperties) = preSolution
		HideSolutionNode = FALSE
	EndGlobalSection
	GlobalSection(NestedProjects) = preSolution
		{32E209F6-6C57-4F19-95DE-27CD8AA00313} = {F439F9FA-A95D-44BA-B5ED-12DB4EABD786}
		{5F64894D-CB11-44BF-B3C3-D835665F37E0} = {2B5A957C-F2C7-4826-AC2D-76BFE8B09806}
		{B8F28216-454A-45D9-9963-A9C8AEAFAFBD} = {F439F9FA-A95D-44BA-B5ED-12DB4EABD786}
		{4E595674-9D89-4687-B94D-EAFAA87B4793} = {2B5A957C-F2C7-4826-AC2D-76BFE8B09806}
		{4D8E6807-A173-4CB4-8B7F-380B95266F70} = {2B5A957C-F2C7-4826-AC2D-76BFE8B09806}
		{1717FE11-6E92-4D8F-AB61-BFE52DF884DC} = {F604741E-E9CB-46DF-B03F-A5C9957B3437}
		{AC1D0E10-CB15-4FD3-BF9B-BD483B4DAC0F} = {F604741E-E9CB-46DF-B03F-A5C9957B3437}
		{B59DD1B3-B929-45B1-93A7-F9E267EC6122} = {2B5A957C-F2C7-4826-AC2D-76BFE8B09806}
		{E63E7A17-5AD8-4CCD-B7AA-2C24078FEEB1} = {2B5A957C-F2C7-4826-AC2D-76BFE8B09806}
		{6F3CEF24-43A3-402B-B8B2-909AF0992F26} = {2B5A957C-F2C7-4826-AC2D-76BFE8B09806}
		{E20AF82E-28C2-44B6-9E93-621FE010B0B6} = {2B5A957C-F2C7-4826-AC2D-76BFE8B09806}
		{9D3686EC-D015-4093-A941-58F04E3DA2E5} = {2B5A957C-F2C7-4826-AC2D-76BFE8B09806}
		{C855ADDB-4358-4D3D-AA1E-E1307907C577} = {2B5A957C-F2C7-4826-AC2D-76BFE8B09806}
		{D498291E-14B5-45CF-A7BD-82662E37D51D} = {F604741E-E9CB-46DF-B03F-A5C9957B3437}
		{160132D9-18A6-496C-BED3-F12BBC516F01} = {4E9C1C46-BE26-8202-2344-7960C9367E39}
		{4E9C1C46-BE26-8202-2344-7960C9367E39} = {2B5A957C-F2C7-4826-AC2D-76BFE8B09806}
	EndGlobalSection
	GlobalSection(ExtensibilityGlobals) = postSolution
		SolutionGuid = {C36B04D4-64ED-463E-AE90-A3D045DD62A1}
	EndGlobalSection
EndGlobal
